
Microsoft Visual Studio Solution File, Format Version 12.00
# Visual Studio Version 16
VisualStudioVersion = 16.0.30907.101
MinimumVisualStudioVersion = 10.0.40219.1
Project("{9A19103F-16F7-4668-BE54-9A1E7A4F7556}") = "CT Queries", "CT Queries\CT Queries.csproj", "{93CF98B5-6B0A-443C-A3AE-FD340BBF8825}"
EndProject
Project("{9A19103F-16F7-4668-BE54-9A1E7A4F7556}") = "BabyWorld.Core", "..\babyworld\packages\.bw-core\BabyWorld.Core\BabyWorld.Core.csproj", "{6481C453-1873-4863-841B-43C9F9A55BC3}"
EndProject
Global
	GlobalSection(SolutionConfigurationPlatforms) = preSolution
		Debug|Any CPU = Debug|Any CPU
		Release|Any CPU = Release|Any CPU
	EndGlobalSection
	GlobalSection(ProjectConfigurationPlatforms) = postSolution
		{93CF98B5-6B0A-443C-A3AE-FD340BBF8825}.Debug|Any CPU.ActiveCfg = Debug|Any CPU
		{93CF98B5-6B0A-443C-A3AE-FD340BBF8825}.Debug|Any CPU.Build.0 = Debug|Any CPU
		{93CF98B5-6B0A-443C-A3AE-FD340BBF8825}.Release|Any CPU.ActiveCfg = Release|Any CPU
		{93CF98B5-6B0A-443C-A3AE-FD340BBF8825}.Release|Any CPU.Build.0 = Release|Any CPU
		{6481C453-1873-4863-841B-43C9F9A55BC3}.Debug|Any CPU.ActiveCfg = Debug|Any CPU
		{6481C453-1873-4863-841B-43C9F9A55BC3}.Debug|Any CPU.Build.0 = Debug|Any CPU
		{6481C453-1873-4863-841B-43C9F9A55BC3}.Release|Any CPU.ActiveCfg = Release|Any CPU
		{6481C453-1873-4863-841B-43C9F9A55BC3}.Release|Any CPU.Build.0 = Release|Any CPU
	EndGlobalSection
	GlobalSection(SolutionProperties) = preSolution
		HideSolutionNode = FALSE
	EndGlobalSection
	GlobalSection(ExtensibilityGlobals) = postSolution
		SolutionGuid = {AB8E3806-0FFB-42B5-9049-F61B7D64E02E}
	EndGlobalSection
EndGlobal
